
Microsoft Visual Studio Solution File, Format Version 12.00
# Visual Studio 15
VisualStudioVersion = 15.0.26403.3
MinimumVisualStudioVersion = 10.0.40219.1
Project("{FAE04EC0-301F-11D3-BF4B-00C04F79EFBC}") = "CSharp-Intermediate-Classes", "CSharp-Intermediate-Tutorials\CSharp-Intermediate-Classes.csproj", "{E0633A9D-36D1-4B0C-B0B8-1A44CACF64A5}"
EndProject
Project("{FAE04EC0-301F-11D3-BF4B-00C04F79EFBC}") = "Constructors", "Constructors\Constructors.csproj", "{AA336068-F036-4CFC-B695-469BDA351581}"
EndProject
Project("{FAE04EC0-301F-11D3-BF4B-00C04F79EFBC}") = "Methods", "Methods\Methods.csproj", "{E1AEE177-8FB6-41D8-97C1-5E3BD081CA75}"
EndProject
Project("{FAE04EC0-301F-11D3-BF4B-00C04F79EFBC}") = "Fields", "Fields\Fields.csproj", "{75EA51D7-7CD2-4C29-BA30-DAA1DA29710D}"
EndProject
Project("{FAE04EC0-301F-11D3-BF4B-00C04F79EFBC}") = "AccessModifiers", "AccessModifiers\AccessModifiers.csproj", "{E3EE6A10-35C7-41B0-AEE0-55E2CA7C2572}"
EndProject
Project("{FAE04EC0-301F-11D3-BF4B-00C04F79EFBC}") = "Properties", "Properties\Properties.csproj", "{9908CDF4-838D-427B-9303-FB805A5C88A7}"
EndProject
Project("{FAE04EC0-301F-11D3-BF4B-00C04F79EFBC}") = "Indexers", "Indexers\Indexers.csproj", "{51EDF056-D64D-4CCC-B271-B96484E4F561}"
EndProject
Project("{FAE04EC0-301F-11D3-BF4B-00C04F79EFBC}") = "Inheritance", "Inheritance\Inheritance.csproj", "{EB825051-9EF0-4E82-AFD9-1C7834D6FBCF}"
EndProject
Project("{FAE04EC0-301F-11D3-BF4B-00C04F79EFBC}") = "Composition", "Composition\Composition.csproj", "{26516F2D-E460-4A5A-8E67-B4C427DCDC48}"
EndProject
Project("{FAE04EC0-301F-11D3-BF4B-00C04F79EFBC}") = "Amazon", "Amazon\Amazon.csproj", "{1BB70C63-783F-4CA0-821B-90CD900AB8AD}"
EndProject
Global
	GlobalSection(SolutionConfigurationPlatforms) = preSolution
		Debug|Any CPU = Debug|Any CPU
		Release|Any CPU = Release|Any CPU
	EndGlobalSection
	GlobalSection(ProjectConfigurationPlatforms) = postSolution
		{E0633A9D-36D1-4B0C-B0B8-1A44CACF64A5}.Debug|Any CPU.ActiveCfg = Debug|Any CPU
		{E0633A9D-36D1-4B0C-B0B8-1A44CACF64A5}.Debug|Any CPU.Build.0 = Debug|Any CPU
		{E0633A9D-36D1-4B0C-B0B8-1A44CACF64A5}.Release|Any CPU.ActiveCfg = Release|Any CPU
		{E0633A9D-36D1-4B0C-B0B8-1A44CACF64A5}.Release|Any CPU.Build.0 = Release|Any CPU
		{AA336068-F036-4CFC-B695-469BDA351581}.Debug|Any CPU.ActiveCfg = Debug|Any CPU
		{AA336068-F036-4CFC-B695-469BDA351581}.Debug|Any CPU.Build.0 = Debug|Any CPU
		{AA336068-F036-4CFC-B695-469BDA351581}.Release|Any CPU.ActiveCfg = Release|Any CPU
		{AA336068-F036-4CFC-B695-469BDA351581}.Release|Any CPU.Build.0 = Release|Any CPU
		{E1AEE177-8FB6-41D8-97C1-5E3BD081CA75}.Debug|Any CPU.ActiveCfg = Debug|Any CPU
		{E1AEE177-8FB6-41D8-97C1-5E3BD081CA75}.Debug|Any CPU.Build.0 = Debug|Any CPU
		{E1AEE177-8FB6-41D8-97C1-5E3BD081CA75}.Release|Any CPU.ActiveCfg = Release|Any CPU
		{E1AEE177-8FB6-41D8-97C1-5E3BD081CA75}.Release|Any CPU.Build.0 = Release|Any CPU
		{75EA51D7-7CD2-4C29-BA30-DAA1DA29710D}.Debug|Any CPU.ActiveCfg = Debug|Any CPU
		{75EA51D7-7CD2-4C29-BA30-DAA1DA29710D}.Debug|Any CPU.Build.0 = Debug|Any CPU
		{75EA51D7-7CD2-4C29-BA30-DAA1DA29710D}.Release|Any CPU.ActiveCfg = Release|Any CPU
		{75EA51D7-7CD2-4C29-BA30-DAA1DA29710D}.Release|Any CPU.Build.0 = Release|Any CPU
		{E3EE6A10-35C7-41B0-AEE0-55E2CA7C2572}.Debug|Any CPU.ActiveCfg = Debug|Any CPU
		{E3EE6A10-35C7-41B0-AEE0-55E2CA7C2572}.Debug|Any CPU.Build.0 = Debug|Any CPU
		{E3EE6A10-35C7-41B0-AEE0-55E2CA7C2572}.Release|Any CPU.ActiveCfg = Release|Any CPU
		{E3EE6A10-35C7-41B0-AEE0-55E2CA7C2572}.Release|Any CPU.Build.0 = Release|Any CPU
		{9908CDF4-838D-427B-9303-FB805A5C88A7}.Debug|Any CPU.ActiveCfg = Debug|Any CPU
		{9908CDF4-838D-427B-9303-FB805A5C88A7}.Debug|Any CPU.Build.0 = Debug|Any CPU
		{9908CDF4-838D-427B-9303-FB805A5C88A7}.Release|Any CPU.ActiveCfg = Release|Any CPU
		{9908CDF4-838D-427B-9303-FB805A5C88A7}.Release|Any CPU.Build.0 = Release|Any CPU
		{51EDF056-D64D-4CCC-B271-B96484E4F561}.Debug|Any CPU.ActiveCfg = Debug|Any CPU
		{51EDF056-D64D-4CCC-B271-B96484E4F561}.Debug|Any CPU.Build.0 = Debug|Any CPU
		{51EDF056-D64D-4CCC-B271-B96484E4F561}.Release|Any CPU.ActiveCfg = Release|Any CPU
		{51EDF056-D64D-4CCC-B271-B96484E4F561}.Release|Any CPU.Build.0 = Release|Any CPU
		{EB825051-9EF0-4E82-AFD9-1C7834D6FBCF}.Debug|Any CPU.ActiveCfg = Debug|Any CPU
		{EB825051-9EF0-4E82-AFD9-1C7834D6FBCF}.Debug|Any CPU.Build.0 = Debug|Any CPU
		{EB825051-9EF0-4E82-AFD9-1C7834D6FBCF}.Release|Any CPU.ActiveCfg = Release|Any CPU
		{EB825051-9EF0-4E82-AFD9-1C7834D6FBCF}.Release|Any CPU.Build.0 = Release|Any CPU
		{26516F2D-E460-4A5A-8E67-B4C427DCDC48}.Debug|Any CPU.ActiveCfg = Debug|Any CPU
		{26516F2D-E460-4A5A-8E67-B4C427DCDC48}.Debug|Any CPU.Build.0 = Debug|Any CPU
		{26516F2D-E460-4A5A-8E67-B4C427DCDC48}.Release|Any CPU.ActiveCfg = Release|Any CPU
		{26516F2D-E460-4A5A-8E67-B4C427DCDC48}.Release|Any CPU.Build.0 = Release|Any CPU
		{1BB70C63-783F-4CA0-821B-90CD900AB8AD}.Debug|Any CPU.ActiveCfg = Debug|Any CPU
		{1BB70C63-783F-4CA0-821B-90CD900AB8AD}.Debug|Any CPU.Build.0 = Debug|Any CPU
		{1BB70C63-783F-4CA0-821B-90CD900AB8AD}.Release|Any CPU.ActiveCfg = Release|Any CPU
		{1BB70C63-783F-4CA0-821B-90CD900AB8AD}.Release|Any CPU.Build.0 = Release|Any CPU
	EndGlobalSection
	GlobalSection(SolutionProperties) = preSolution
		HideSolutionNode = FALSE
	EndGlobalSection
EndGlobal
